
Microsoft Visual Studio Solution File, Format Version 12.00
# Visual Studio Version 17
VisualStudioVersion = 17.9.34622.214
MinimumVisualStudioVersion = 10.0.40219.1
Project("{FAE04EC0-301F-11D3-BF4B-00C04F79EFBC}") = "LR4_Video", "LR4_Video.csproj", "{0382BAB9-2E96-459B-960E-03EE20C4727F}"
EndProject
Project("{2150E333-8FDC-42A3-9474-1A3956D46DE8}") = "Элементы решения", "Элементы решения", "{32C7A84C-B4EE-4F0F-A2A4-D6096BA43E5A}"
	ProjectSection(SolutionItems) = preProject
		opencv_core240.dll = opencv_core240.dll
	EndProjectSection
EndProject
Global
	GlobalSection(SolutionConfigurationPlatforms) = preSolution
		Debug|Any CPU = Debug|Any CPU
		Release|Any CPU = Release|Any CPU
	EndGlobalSection
	GlobalSection(ProjectConfigurationPlatforms) = postSolution
		{0382BAB9-2E96-459B-960E-03EE20C4727F}.Debug|Any CPU.ActiveCfg = Debug|Any CPU
		{0382BAB9-2E96-459B-960E-03EE20C4727F}.Debug|Any CPU.Build.0 = Debug|Any CPU
		{0382BAB9-2E96-459B-960E-03EE20C4727F}.Release|Any CPU.ActiveCfg = Release|Any CPU
		{0382BAB9-2E96-459B-960E-03EE20C4727F}.Release|Any CPU.Build.0 = Release|Any CPU
	EndGlobalSection
	GlobalSection(SolutionProperties) = preSolution
		HideSolutionNode = FALSE
	EndGlobalSection
	GlobalSection(ExtensibilityGlobals) = postSolution
		SolutionGuid = {2D7E4594-6A70-49F3-BF14-C0B4DE320C1A}
	EndGlobalSection
EndGlobal
